
Microsoft Visual Studio Solution File, Format Version 12.00
# Visual Studio 15
VisualStudioVersion = 15.0.28307.329
MinimumVisualStudioVersion = 10.0.40219.1
Project("{FAE04EC0-301F-11D3-BF4B-00C04F79EFBC}") = "Text_Printer", "Text_Printer\Text_Printer.csproj", "{A9EF287C-348F-42D0-A993-D50A66ADBC57}"
EndProject
Global
	GlobalSection(SolutionConfigurationPlatforms) = preSolution
		Debug|Any CPU = Debug|Any CPU
		Release|Any CPU = Release|Any CPU
	EndGlobalSection
	GlobalSection(ProjectConfigurationPlatforms) = postSolution
		{A9EF287C-348F-42D0-A993-D50A66ADBC57}.Debug|Any CPU.ActiveCfg = Debug|Any CPU
		{A9EF287C-348F-42D0-A993-D50A66ADBC57}.Debug|Any CPU.Build.0 = Debug|Any CPU
		{A9EF287C-348F-42D0-A993-D50A66ADBC57}.Release|Any CPU.ActiveCfg = Release|Any CPU
		{A9EF287C-348F-42D0-A993-D50A66ADBC57}.Release|Any CPU.Build.0 = Release|Any CPU
	EndGlobalSection
	GlobalSection(SolutionProperties) = preSolution
		HideSolutionNode = FALSE
	EndGlobalSection
	GlobalSection(ExtensibilityGlobals) = postSolution
		SolutionGuid = {3DE7929F-A5B9-4F60-993D-E3BA957C05CD}
	EndGlobalSection
EndGlobal
